// !$*UTF8*$!
{
	archiveVersion = 1;
	classes = {
	};
	objectVersion = 56;
	objects = {

/* Begin PBXBuildFile section */
		BD03AFCA2BFEEC1700CAE7B2 /* main.cpp in Sources */ = {isa = PBXBuildFile; fileRef = BD03AFC92BFEEC1700CAE7B2 /* main.cpp */; };
		BDF90EB22C378FCE002D83D5 /* main.cpp in Sources */ = {isa = PBXBuildFile; fileRef = BDF90EB12C378FCE002D83D5 /* main.cpp */; };
		BDF90EBD2C379F13002D83D5 /* main.cpp in Sources */ = {isa = PBXBuildFile; fileRef = BDF90EBC2C379F13002D83D5 /* main.cpp */; };
/* End PBXBuildFile section */

/* Begin PBXCopyFilesBuildPhase section */
		BD03AFC52BFEEC1700CAE7B2 /* CopyFiles */ = {
			isa = PBXCopyFilesBuildPhase;
			buildActionMask = 2147483647;
			dstPath = /usr/share/man/man1/;
			dstSubfolderSpec = 0;
			files = (
			);
			runOnlyForDeploymentPostprocessing = 1;
		};
		BDF90EAD2C378FCE002D83D5 /* CopyFiles */ = {
			isa = PBXCopyFilesBuildPhase;
			buildActionMask = 2147483647;
			dstPath = /usr/share/man/man1/;
			dstSubfolderSpec = 0;
			files = (
			);
			runOnlyForDeploymentPostprocessing = 1;
		};
		BDF90EB82C379F13002D83D5 /* CopyFiles */ = {
			isa = PBXCopyFilesBuildPhase;
			buildActionMask = 2147483647;
			dstPath = /usr/share/man/man1/;
			dstSubfolderSpec = 0;
			files = (
			);
			runOnlyForDeploymentPostprocessing = 1;
		};
/* End PBXCopyFilesBuildPhase section */

/* Begin PBXFileReference section */
		BD03AFC72BFEEC1700CAE7B2 /* 242 Is Anagram */ = {isa = PBXFileReference; explicitFileType = "compiled.mach-o.executable"; includeInIndex = 0; path = "242 Is Anagram"; sourceTree = BUILT_PRODUCTS_DIR; };
		BD03AFC92BFEEC1700CAE7B2 /* main.cpp */ = {isa = PBXFileReference; lastKnownFileType = sourcecode.cpp.cpp; path = main.cpp; sourceTree = "<group>"; };
		BDF90EAF2C378FCE002D83D5 /* 349 Intersection */ = {isa = PBXFileReference; explicitFileType = "compiled.mach-o.executable"; includeInIndex = 0; path = "349 Intersection"; sourceTree = BUILT_PRODUCTS_DIR; };
		BDF90EB12C378FCE002D83D5 /* main.cpp */ = {isa = PBXFileReference; lastKnownFileType = sourcecode.cpp.cpp; path = main.cpp; sourceTree = "<group>"; };
		BDF90EBA2C379F13002D83D5 /* 202 Is Happy */ = {isa = PBXFileReference; explicitFileType = "compiled.mach-o.executable"; includeInIndex = 0; path = "202 Is Happy"; sourceTree = BUILT_PRODUCTS_DIR; };
		BDF90EBC2C379F13002D83D5 /* main.cpp */ = {isa = PBXFileReference; lastKnownFileType = sourcecode.cpp.cpp; path = main.cpp; sourceTree = "<group>"; };
/* End PBXFileReference section */

/* Begin PBXFrameworksBuildPhase section */
		BD03AFC42BFEEC1700CAE7B2 /* Frameworks */ = {
			isa = PBXFrameworksBuildPhase;
			buildActionMask = 2147483647;
			files = (
			);
			runOnlyForDeploymentPostprocessing = 0;
		};
		BDF90EAC2C378FCE002D83D5 /* Frameworks */ = {
			isa = PBXFrameworksBuildPhase;
			buildActionMask = 2147483647;
			files = (
			);
			runOnlyForDeploymentPostprocessing = 0;
		};
		BDF90EB72C379F13002D83D5 /* Frameworks */ = {
			isa = PBXFrameworksBuildPhase;
			buildActionMask = 2147483647;
			files = (
			);
			runOnlyForDeploymentPostprocessing = 0;
		};
/* End PBXFrameworksBuildPhase section */

/* Begin PBXGroup section */
		BD03AFB02BFEE98600CAE7B2 = {
			isa = PBXGroup;
			children = (
				BD03AFC82BFEEC1700CAE7B2 /* 242 Is Anagram */,
				BDF90EB02C378FCE002D83D5 /* 349 Intersection */,
				BDF90EBB2C379F13002D83D5 /* 202 Is Happy */,
				BD03AFBA2BFEE98600CAE7B2 /* Products */,
			);
			sourceTree = "<group>";
		};
		BD03AFBA2BFEE98600CAE7B2 /* Products */ = {
			isa = PBXGroup;
			children = (
				BD03AFC72BFEEC1700CAE7B2 /* 242 Is Anagram */,
				BDF90EAF2C378FCE002D83D5 /* 349 Intersection */,
				BDF90EBA2C379F13002D83D5 /* 202 Is Happy */,
			);
			name = Products;
			sourceTree = "<group>";
		};
		BD03AFC82BFEEC1700CAE7B2 /* 242 Is Anagram */ = {
			isa = PBXGroup;
			children = (
				BD03AFC92BFEEC1700CAE7B2 /* main.cpp */,
			);
			path = "242 Is Anagram";
			sourceTree = "<group>";
		};
		BDF90EB02C378FCE002D83D5 /* 349 Intersection */ = {
			isa = PBXGroup;
			children = (
				BDF90EB12C378FCE002D83D5 /* main.cpp */,
			);
			path = "349 Intersection";
			sourceTree = "<group>";
		};
		BDF90EBB2C379F13002D83D5 /* 202 Is Happy */ = {
			isa = PBXGroup;
			children = (
				BDF90EBC2C379F13002D83D5 /* main.cpp */,
			);
			path = "202 Is Happy";
			sourceTree = "<group>";
		};
/* End PBXGroup section */

/* Begin PBXNativeTarget section */
		BD03AFC62BFEEC1700CAE7B2 /* 242 Is Anagram */ = {
			isa = PBXNativeTarget;
			buildConfigurationList = BD03AFCB2BFEEC1700CAE7B2 /* Build configuration list for PBXNativeTarget "242 Is Anagram" */;
			buildPhases = (
				BD03AFC32BFEEC1700CAE7B2 /* Sources */,
				BD03AFC42BFEEC1700CAE7B2 /* Frameworks */,
				BD03AFC52BFEEC1700CAE7B2 /* CopyFiles */,
			);
			buildRules = (
			);
			dependencies = (
			);
			name = "242 Is Anagram";
			productName = "242 Is Anagram";
			productReference = BD03AFC72BFEEC1700CAE7B2 /* 242 Is Anagram */;
			productType = "com.apple.product-type.tool";
		};
		BDF90EAE2C378FCE002D83D5 /* 349 Intersection */ = {
			isa = PBXNativeTarget;
			buildConfigurationList = BDF90EB52C378FCE002D83D5 /* Build configuration list for PBXNativeTarget "349 Intersection" */;
			buildPhases = (
				BDF90EAB2C378FCE002D83D5 /* Sources */,
				BDF90EAC2C378FCE002D83D5 /* Frameworks */,
				BDF90EAD2C378FCE002D83D5 /* CopyFiles */,
			);
			buildRules = (
			);
			dependencies = (
			);
			name = "349 Intersection";
			productName = "349 Intersection";
			productReference = BDF90EAF2C378FCE002D83D5 /* 349 Intersection */;
			productType = "com.apple.product-type.tool";
		};
		BDF90EB92C379F13002D83D5 /* 202 Is Happy */ = {
			isa = PBXNativeTarget;
			buildConfigurationList = BDF90EBE2C379F13002D83D5 /* Build configuration list for PBXNativeTarget "202 Is Happy" */;
			buildPhases = (
				BDF90EB62C379F13002D83D5 /* Sources */,
				BDF90EB72C379F13002D83D5 /* Frameworks */,
				BDF90EB82C379F13002D83D5 /* CopyFiles */,
			);
			buildRules = (
			);
			dependencies = (
			);
			name = "202 Is Happy";
			productName = "202 Is Happy";
			productReference = BDF90EBA2C379F13002D83D5 /* 202 Is Happy */;
			productType = "com.apple.product-type.tool";
		};
/* End PBXNativeTarget section */

/* Begin PBXProject section */
		BD03AFB12BFEE98600CAE7B2 /* Project object */ = {
			isa = PBXProject;
			attributes = {
				BuildIndependentTargetsInParallel = 1;
				LastUpgradeCheck = 1530;
				TargetAttributes = {
					BD03AFC62BFEEC1700CAE7B2 = {
						CreatedOnToolsVersion = 15.3;
					};
					BDF90EAE2C378FCE002D83D5 = {
						CreatedOnToolsVersion = 15.3;
					};
					BDF90EB92C379F13002D83D5 = {
						CreatedOnToolsVersion = 15.3;
					};
				};
			};
			buildConfigurationList = BD03AFB42BFEE98600CAE7B2 /* Build configuration list for PBXProject "HashTable" */;
			compatibilityVersion = "Xcode 14.0";
			developmentRegion = en;
			hasScannedForEncodings = 0;
			knownRegions = (
				en,
				Base,
			);
			mainGroup = BD03AFB02BFEE98600CAE7B2;
			productRefGroup = BD03AFBA2BFEE98600CAE7B2 /* Products */;
			projectDirPath = "";
			projectRoot = "";
			targets = (
				BD03AFC62BFEEC1700CAE7B2 /* 242 Is Anagram */,
				BDF90EAE2C378FCE002D83D5 /* 349 Intersection */,
				BDF90EB92C379F13002D83D5 /* 202 Is Happy */,
			);
		};
/* End PBXProject section */

/* Begin PBXSourcesBuildPhase section */
		BD03AFC32BFEEC1700CAE7B2 /* Sources */ = {
			isa = PBXSourcesBuildPhase;
			buildActionMask = 2147483647;
			files = (
				BD03AFCA2BFEEC1700CAE7B2 /* main.cpp in Sources */,
			);
			runOnlyForDeploymentPostprocessing = 0;
		};
		BDF90EAB2C378FCE002D83D5 /* Sources */ = {
			isa = PBXSourcesBuildPhase;
			buildActionMask = 2147483647;
			files = (
				BDF90EB22C378FCE002D83D5 /* main.cpp in Sources */,
			);
			runOnlyForDeploymentPostprocessing = 0;
		};
		BDF90EB62C379F13002D83D5 /* Sources */ = {
			isa = PBXSourcesBuildPhase;
			buildActionMask = 2147483647;
			files = (
				BDF90EBD2C379F13002D83D5 /* main.cpp in Sources */,
			);
			runOnlyForDeploymentPostprocessing = 0;
		};
/* End PBXSourcesBuildPhase section */

/* Begin XCBuildConfiguration section */
		BD03AFBE2BFEE98600CAE7B2 /* Debug */ = {
			isa = XCBuildConfiguration;
			buildSettings = {
				ALWAYS_SEARCH_USER_PATHS = NO;
				ASSETCATALOG_COMPILER_GENERATE_SWIFT_ASSET_SYMBOL_EXTENSIONS = YES;
				CLANG_ANALYZER_NONNULL = YES;
				CLANG_ANALYZER_NUMBER_OBJECT_CONVERSION = YES_AGGRESSIVE;
				CLANG_CXX_LANGUAGE_STANDARD = "gnu++20";
				CLANG_ENABLE_MODULES = YES;
				CLANG_ENABLE_OBJC_ARC = YES;
				CLANG_ENABLE_OBJC_WEAK = YES;
				CLANG_WARN_BLOCK_CAPTURE_AUTORELEASING = YES;
				CLANG_WARN_BOOL_CONVERSION = YES;
				CLANG_WARN_COMMA = YES;
				CLANG_WARN_CONSTANT_CONVERSION = YES;
				CLANG_WARN_DEPRECATED_OBJC_IMPLEMENTATIONS = YES;
				CLANG_WARN_DIRECT_OBJC_ISA_USAGE = YES_ERROR;
				CLANG_WARN_DOCUMENTATION_COMMENTS = YES;
				CLANG_WARN_EMPTY_BODY = YES;
				CLANG_WARN_ENUM_CONVERSION = YES;
				CLANG_WARN_INFINITE_RECURSION = YES;
				CLANG_WARN_INT_CONVERSION = YES;
				CLANG_WARN_NON_LITERAL_NULL_CONVERSION = YES;
				CLANG_WARN_OBJC_IMPLICIT_RETAIN_SELF = YES;
				CLANG_WARN_OBJC_LITERAL_CONVERSION = YES;
				CLANG_WARN_OBJC_ROOT_CLASS = YES_ERROR;
				CLANG_WARN_QUOTED_INCLUDE_IN_FRAMEWORK_HEADER = YES;
				CLANG_WARN_RANGE_LOOP_ANALYSIS = YES;
				CLANG_WARN_STRICT_PROTOTYPES = YES;
				CLANG_WARN_SUSPICIOUS_MOVE = YES;
				CLANG_WARN_UNGUARDED_AVAILABILITY = YES_AGGRESSIVE;
				CLANG_WARN_UNREACHABLE_CODE = YES;
				CLANG_WARN__DUPLICATE_METHOD_MATCH = YES;
				COPY_PHASE_STRIP = NO;
				DEBUG_INFORMATION_FORMAT = dwarf;
				ENABLE_STRICT_OBJC_MSGSEND = YES;
				ENABLE_TESTABILITY = YES;
				ENABLE_USER_SCRIPT_SANDBOXING = YES;
				GCC_C_LANGUAGE_STANDARD = gnu17;
				GCC_DYNAMIC_NO_PIC = NO;
				GCC_NO_COMMON_BLOCKS = YES;
				GCC_OPTIMIZATION_LEVEL = 0;
				GCC_PREPROCESSOR_DEFINITIONS = (
					"DEBUG=1",
					"$(inherited)",
				);
				GCC_WARN_64_TO_32_BIT_CONVERSION = YES;
				GCC_WARN_ABOUT_RETURN_TYPE = YES_ERROR;
				GCC_WARN_UNDECLARED_SELECTOR = YES;
				GCC_WARN_UNINITIALIZED_AUTOS = YES_AGGRESSIVE;
				GCC_WARN_UNUSED_FUNCTION = YES;
				GCC_WARN_UNUSED_VARIABLE = YES;
				LOCALIZATION_PREFERS_STRING_CATALOGS = YES;
				MACOSX_DEPLOYMENT_TARGET = 14.1;
				MTL_ENABLE_DEBUG_INFO = INCLUDE_SOURCE;
				MTL_FAST_MATH = YES;
				ONLY_ACTIVE_ARCH = YES;
				SDKROOT = macosx;
			};
			name = Debug;
		};
		BD03AFBF2BFEE98600CAE7B2 /* Release */ = {
			isa = XCBuildConfiguration;
			buildSettings = {
				ALWAYS_SEARCH_USER_PATHS = NO;
				ASSETCATALOG_COMPILER_GENERATE_SWIFT_ASSET_SYMBOL_EXTENSIONS = YES;
				CLANG_ANALYZER_NONNULL = YES;
				CLANG_ANALYZER_NUMBER_OBJECT_CONVERSION = YES_AGGRESSIVE;
				CLANG_CXX_LANGUAGE_STANDARD = "gnu++20";
				CLANG_ENABLE_MODULES = YES;
				CLANG_ENABLE_OBJC_ARC = YES;
				CLANG_ENABLE_OBJC_WEAK = YES;
				CLANG_WARN_BLOCK_CAPTURE_AUTORELEASING = YES;
				CLANG_WARN_BOOL_CONVERSION = YES;
				CLANG_WARN_COMMA = YES;
				CLANG_WARN_CONSTANT_CONVERSION = YES;
				CLANG_WARN_DEPRECATED_OBJC_IMPLEMENTATIONS = YES;
				CLANG_WARN_DIRECT_OBJC_ISA_USAGE = YES_ERROR;
				CLANG_WARN_DOCUMENTATION_COMMENTS = YES;
				CLANG_WARN_EMPTY_BODY = YES;
				CLANG_WARN_ENUM_CONVERSION = YES;
				CLANG_WARN_INFINITE_RECURSION = YES;
				CLANG_WARN_INT_CONVERSION = YES;
				CLANG_WARN_NON_LITERAL_NULL_CONVERSION = YES;
				CLANG_WARN_OBJC_IMPLICIT_RETAIN_SELF = YES;
				CLANG_WARN_OBJC_LITERAL_CONVERSION = YES;
				CLANG_WARN_OBJC_ROOT_CLASS = YES_ERROR;
				CLANG_WARN_QUOTED_INCLUDE_IN_FRAMEWORK_HEADER = YES;
				CLANG_WARN_RANGE_LOOP_ANALYSIS = YES;
				CLANG_WARN_STRICT_PROTOTYPES = YES;
				CLANG_WARN_SUSPICIOUS_MOVE = YES;
				CLANG_WARN_UNGUARDED_AVAILABILITY = YES_AGGRESSIVE;
				CLANG_WARN_UNREACHABLE_CODE = YES;
				CLANG_WARN__DUPLICATE_METHOD_MATCH = YES;
				COPY_PHASE_STRIP = NO;
				DEBUG_INFORMATION_FORMAT = "dwarf-with-dsym";
				ENABLE_NS_ASSERTIONS = NO;
				ENABLE_STRICT_OBJC_MSGSEND = YES;
				ENABLE_USER_SCRIPT_SANDBOXING = YES;
				GCC_C_LANGUAGE_STANDARD = gnu17;
				GCC_NO_COMMON_BLOCKS = YES;
				GCC_WARN_64_TO_32_BIT_CONVERSION = YES;
				GCC_WARN_ABOUT_RETURN_TYPE = YES_ERROR;
				GCC_WARN_UNDECLARED_SELECTOR = YES;
				GCC_WARN_UNINITIALIZED_AUTOS = YES_AGGRESSIVE;
				GCC_WARN_UNUSED_FUNCTION = YES;
				GCC_WARN_UNUSED_VARIABLE = YES;
				LOCALIZATION_PREFERS_STRING_CATALOGS = YES;
				MACOSX_DEPLOYMENT_TARGET = 14.1;
				MTL_ENABLE_DEBUG_INFO = NO;
				MTL_FAST_MATH = YES;
				SDKROOT = macosx;
			};
			name = Release;
		};
		BD03AFCC2BFEEC1700CAE7B2 /* Debug */ = {
			isa = XCBuildConfiguration;
			buildSettings = {
				CODE_SIGN_STYLE = Automatic;
				PRODUCT_NAME = "$(TARGET_NAME)";
			};
			name = Debug;
		};
		BD03AFCD2BFEEC1700CAE7B2 /* Release */ = {
			isa = XCBuildConfiguration;
			buildSettings = {
				CODE_SIGN_STYLE = Automatic;
				PRODUCT_NAME = "$(TARGET_NAME)";
			};
			name = Release;
		};
		BDF90EB32C378FCE002D83D5 /* Debug */ = {
			isa = XCBuildConfiguration;
			buildSettings = {
				CODE_SIGN_STYLE = Automatic;
				PRODUCT_NAME = "$(TARGET_NAME)";
			};
			name = Debug;
		};
		BDF90EB42C378FCE002D83D5 /* Release */ = {
			isa = XCBuildConfiguration;
			buildSettings = {
				CODE_SIGN_STYLE = Automatic;
				PRODUCT_NAME = "$(TARGET_NAME)";
			};
			name = Release;
		};
		BDF90EBF2C379F13002D83D5 /* Debug */ = {
			isa = XCBuildConfiguration;
			buildSettings = {
				CODE_SIGN_STYLE = Automatic;
				PRODUCT_NAME = "$(TARGET_NAME)";
			};
			name = Debug;
		};
		BDF90EC02C379F13002D83D5 /* Release */ = {
			isa = XCBuildConfiguration;
			buildSettings = {
				CODE_SIGN_STYLE = Automatic;
				PRODUCT_NAME = "$(TARGET_NAME)";
			};
			name = Release;
		};
/* End XCBuildConfiguration section */

/* Begin XCConfigurationList section */
		BD03AFB42BFEE98600CAE7B2 /* Build configuration list for PBXProject "HashTable" */ = {
			isa = XCConfigurationList;
			buildConfigurations = (
				BD03AFBE2BFEE98600CAE7B2 /* Debug */,
				BD03AFBF2BFEE98600CAE7B2 /* Release */,
			);
			defaultConfigurationIsVisible = 0;
			defaultConfigurationName = Release;
		};
		BD03AFCB2BFEEC1700CAE7B2 /* Build configuration list for PBXNativeTarget "242 Is Anagram" */ = {
			isa = XCConfigurationList;
			buildConfigurations = (
				BD03AFCC2BFEEC1700CAE7B2 /* Debug */,
				BD03AFCD2BFEEC1700CAE7B2 /* Release */,
			);
			defaultConfigurationIsVisible = 0;
			defaultConfigurationName = Release;
		};
		BDF90EB52C378FCE002D83D5 /* Build configuration list for PBXNativeTarget "349 Intersection" */ = {
			isa = XCConfigurationList;
			buildConfigurations = (
				BDF90EB32C378FCE002D83D5 /* Debug */,
				BDF90EB42C378FCE002D83D5 /* Release */,
			);
			defaultConfigurationIsVisible = 0;
			defaultConfigurationName = Release;
		};
		BDF90EBE2C379F13002D83D5 /* Build configuration list for PBXNativeTarget "202 Is Happy" */ = {
			isa = XCConfigurationList;
			buildConfigurations = (
				BDF90EBF2C379F13002D83D5 /* Debug */,
				BDF90EC02C379F13002D83D5 /* Release */,
			);
			defaultConfigurationIsVisible = 0;
			defaultConfigurationName = Release;
		};
/* End XCConfigurationList section */
	};
	rootObject = BD03AFB12BFEE98600CAE7B2 /* Project object */;
}
